
Microsoft Visual Studio Solution File, Format Version 12.00
# Visual Studio Version 17
VisualStudioVersion = 17.10.35013.160
MinimumVisualStudioVersion = 10.0.40219.1
Project("{FAE04EC0-301F-11D3-BF4B-00C04F79EFBC}") = "PoemPal", "PoemPal\PoemPal.csproj", "{93753E39-234E-453B-880D-527A428D1ED3}"
EndProject
Global
	GlobalSection(SolutionConfigurationPlatforms) = preSolution
		Debug|Any CPU = Debug|Any CPU
		Release|Any CPU = Release|Any CPU
	EndGlobalSection
	GlobalSection(ProjectConfigurationPlatforms) = postSolution
		{93753E39-234E-453B-880D-527A428D1ED3}.Debug|Any CPU.ActiveCfg = Debug|Any CPU
		{93753E39-234E-453B-880D-527A428D1ED3}.Debug|Any CPU.Build.0 = Debug|Any CPU
		{93753E39-234E-453B-880D-527A428D1ED3}.Release|Any CPU.ActiveCfg = Release|Any CPU
		{93753E39-234E-453B-880D-527A428D1ED3}.Release|Any CPU.Build.0 = Release|Any CPU
	EndGlobalSection
	GlobalSection(SolutionProperties) = preSolution
		HideSolutionNode = FALSE
	EndGlobalSection
	GlobalSection(ExtensibilityGlobals) = postSolution
		SolutionGuid = {693AA640-0D3D-4236-AD0C-7E15E672DFA4}
	EndGlobalSection
EndGlobal
